
Microsoft Visual Studio Solution File, Format Version 12.00
# Visual Studio Version 17
VisualStudioVersion = 17.14.36429.23 d17.14
MinimumVisualStudioVersion = 10.0.40219.1
Project("{FAE04EC0-301F-11D3-BF4B-00C04F79EFBC}") = "CSharp_Basic", "CSharp_Basic\CSharp_Basic.csproj", "{450D85CF-1854-4FC2-9EE6-D7CDC2D561A7}"
EndProject
Global
	GlobalSection(SolutionConfigurationPlatforms) = preSolution
		Debug|Any CPU = Debug|Any CPU
		Release|Any CPU = Release|Any CPU
	EndGlobalSection
	GlobalSection(ProjectConfigurationPlatforms) = postSolution
		{450D85CF-1854-4FC2-9EE6-D7CDC2D561A7}.Debug|Any CPU.ActiveCfg = Debug|Any CPU
		{450D85CF-1854-4FC2-9EE6-D7CDC2D561A7}.Debug|Any CPU.Build.0 = Debug|Any CPU
		{450D85CF-1854-4FC2-9EE6-D7CDC2D561A7}.Release|Any CPU.ActiveCfg = Release|Any CPU
		{450D85CF-1854-4FC2-9EE6-D7CDC2D561A7}.Release|Any CPU.Build.0 = Release|Any CPU
	EndGlobalSection
	GlobalSection(SolutionProperties) = preSolution
		HideSolutionNode = FALSE
	EndGlobalSection
	GlobalSection(ExtensibilityGlobals) = postSolution
		SolutionGuid = {975B7798-EFFF-4C76-AA95-28D97C14A37B}
	EndGlobalSection
EndGlobal
